
Microsoft Visual Studio Solution File, Format Version 12.00
# Visual Studio 2013
VisualStudioVersion = 12.0.31101.0
MinimumVisualStudioVersion = 10.0.40219.1
Project("{FAE04EC0-301F-11D3-BF4B-00C04F79EFBC}") = "Task1Test", "Task1Test\Task1Test.csproj", "{77372828-802A-43C7-8E47-44E84089BAFD}"
EndProject
Project("{FAE04EC0-301F-11D3-BF4B-00C04F79EFBC}") = "Task2", "Task2\Task2.csproj", "{F3A6CB98-9C4B-443D-9DCB-8EA15A9302E2}"
EndProject
Project("{FAE04EC0-301F-11D3-BF4B-00C04F79EFBC}") = "Task2Test", "Task2Test\Task2Test.csproj", "{E9AD6D50-F579-4347-AC80-1443C5436747}"
EndProject
Project("{FAE04EC0-301F-11D3-BF4B-00C04F79EFBC}") = "Task3", "Task3\Task3.csproj", "{4A74FB05-F43E-47F5-B317-064C62AC531C}"
EndProject
Project("{FAE04EC0-301F-11D3-BF4B-00C04F79EFBC}") = "Task3Test", "Task3Test\Task3Test.csproj", "{CE91A205-19DB-49FD-AE4D-7550AEC4CC47}"
EndProject
Global
	GlobalSection(SolutionConfigurationPlatforms) = preSolution
		Debug|Any CPU = Debug|Any CPU
		Release|Any CPU = Release|Any CPU
	EndGlobalSection
	GlobalSection(ProjectConfigurationPlatforms) = postSolution
		{77372828-802A-43C7-8E47-44E84089BAFD}.Debug|Any CPU.ActiveCfg = Debug|Any CPU
		{77372828-802A-43C7-8E47-44E84089BAFD}.Debug|Any CPU.Build.0 = Debug|Any CPU
		{77372828-802A-43C7-8E47-44E84089BAFD}.Release|Any CPU.ActiveCfg = Release|Any CPU
		{77372828-802A-43C7-8E47-44E84089BAFD}.Release|Any CPU.Build.0 = Release|Any CPU
		{F3A6CB98-9C4B-443D-9DCB-8EA15A9302E2}.Debug|Any CPU.ActiveCfg = Debug|Any CPU
		{F3A6CB98-9C4B-443D-9DCB-8EA15A9302E2}.Debug|Any CPU.Build.0 = Debug|Any CPU
		{F3A6CB98-9C4B-443D-9DCB-8EA15A9302E2}.Release|Any CPU.ActiveCfg = Release|Any CPU
		{F3A6CB98-9C4B-443D-9DCB-8EA15A9302E2}.Release|Any CPU.Build.0 = Release|Any CPU
		{E9AD6D50-F579-4347-AC80-1443C5436747}.Debug|Any CPU.ActiveCfg = Debug|Any CPU
		{E9AD6D50-F579-4347-AC80-1443C5436747}.Debug|Any CPU.Build.0 = Debug|Any CPU
		{E9AD6D50-F579-4347-AC80-1443C5436747}.Release|Any CPU.ActiveCfg = Release|Any CPU
		{E9AD6D50-F579-4347-AC80-1443C5436747}.Release|Any CPU.Build.0 = Release|Any CPU
		{4A74FB05-F43E-47F5-B317-064C62AC531C}.Debug|Any CPU.ActiveCfg = Debug|Any CPU
		{4A74FB05-F43E-47F5-B317-064C62AC531C}.Debug|Any CPU.Build.0 = Debug|Any CPU
		{4A74FB05-F43E-47F5-B317-064C62AC531C}.Release|Any CPU.ActiveCfg = Release|Any CPU
		{4A74FB05-F43E-47F5-B317-064C62AC531C}.Release|Any CPU.Build.0 = Release|Any CPU
		{CE91A205-19DB-49FD-AE4D-7550AEC4CC47}.Debug|Any CPU.ActiveCfg = Debug|Any CPU
		{CE91A205-19DB-49FD-AE4D-7550AEC4CC47}.Debug|Any CPU.Build.0 = Debug|Any CPU
		{CE91A205-19DB-49FD-AE4D-7550AEC4CC47}.Release|Any CPU.ActiveCfg = Release|Any CPU
		{CE91A205-19DB-49FD-AE4D-7550AEC4CC47}.Release|Any CPU.Build.0 = Release|Any CPU
	EndGlobalSection
	GlobalSection(SolutionProperties) = preSolution
		HideSolutionNode = FALSE
	EndGlobalSection
EndGlobal
